
Microsoft Visual Studio Solution File, Format Version 12.00
# Visual Studio 14
VisualStudioVersion = 14.0.23107.0
MinimumVisualStudioVersion = 10.0.40219.1
Project("{FAE04EC0-301F-11D3-BF4B-00C04F79EFBC}") = "TaleofMonsters2", "TaleofMonsters2\TaleofMonsters2.csproj", "{65E35A87-EE43-42E7-AD01-743008B6EAFE}"
EndProject
Project("{FAE04EC0-301F-11D3-BF4B-00C04F79EFBC}") = "DataResource", "DataResource\DataResource.csproj", "{B0A31F62-AE2B-4F0B-8EAB-6E646D422BC9}"
EndProject
Project("{FAE04EC0-301F-11D3-BF4B-00C04F79EFBC}") = "ControlPlus", "ControlPlus\ControlPlus.csproj", "{476BDC7E-6825-43D6-A9DB-DE5C5263515F}"
EndProject
Project("{FAE04EC0-301F-11D3-BF4B-00C04F79EFBC}") = "NarlonLib", "NarlonLib\NarlonLib.csproj", "{90968C56-07C1-4AB6-9C00-FDBB49031F25}"
EndProject
Project("{FAE04EC0-301F-11D3-BF4B-00C04F79EFBC}") = "BaseType", "BaseType\BaseType.csproj", "{A155D12F-B9E0-425F-A840-959CB8ABE826}"
EndProject
Global
	GlobalSection(SolutionConfigurationPlatforms) = preSolution
		Debug|Any CPU = Debug|Any CPU
		Debug|x86 = Debug|x86
		Release|Any CPU = Release|Any CPU
		Release|x86 = Release|x86
	EndGlobalSection
	GlobalSection(ProjectConfigurationPlatforms) = postSolution
		{65E35A87-EE43-42E7-AD01-743008B6EAFE}.Debug|Any CPU.ActiveCfg = Debug|Any CPU
		{65E35A87-EE43-42E7-AD01-743008B6EAFE}.Debug|Any CPU.Build.0 = Debug|Any CPU
		{65E35A87-EE43-42E7-AD01-743008B6EAFE}.Debug|x86.ActiveCfg = Debug|x86
		{65E35A87-EE43-42E7-AD01-743008B6EAFE}.Debug|x86.Build.0 = Debug|x86
		{65E35A87-EE43-42E7-AD01-743008B6EAFE}.Release|Any CPU.ActiveCfg = Release|Any CPU
		{65E35A87-EE43-42E7-AD01-743008B6EAFE}.Release|Any CPU.Build.0 = Release|Any CPU
		{65E35A87-EE43-42E7-AD01-743008B6EAFE}.Release|x86.ActiveCfg = Release|x86
		{65E35A87-EE43-42E7-AD01-743008B6EAFE}.Release|x86.Build.0 = Release|x86
		{B0A31F62-AE2B-4F0B-8EAB-6E646D422BC9}.Debug|Any CPU.ActiveCfg = Debug|Any CPU
		{B0A31F62-AE2B-4F0B-8EAB-6E646D422BC9}.Debug|Any CPU.Build.0 = Debug|Any CPU
		{B0A31F62-AE2B-4F0B-8EAB-6E646D422BC9}.Debug|x86.ActiveCfg = Debug|x86
		{B0A31F62-AE2B-4F0B-8EAB-6E646D422BC9}.Debug|x86.Build.0 = Debug|x86
		{B0A31F62-AE2B-4F0B-8EAB-6E646D422BC9}.Release|Any CPU.ActiveCfg = Release|Any CPU
		{B0A31F62-AE2B-4F0B-8EAB-6E646D422BC9}.Release|Any CPU.Build.0 = Release|Any CPU
		{B0A31F62-AE2B-4F0B-8EAB-6E646D422BC9}.Release|x86.ActiveCfg = Release|x86
		{B0A31F62-AE2B-4F0B-8EAB-6E646D422BC9}.Release|x86.Build.0 = Release|x86
		{476BDC7E-6825-43D6-A9DB-DE5C5263515F}.Debug|Any CPU.ActiveCfg = Debug|Any CPU
		{476BDC7E-6825-43D6-A9DB-DE5C5263515F}.Debug|Any CPU.Build.0 = Debug|Any CPU
		{476BDC7E-6825-43D6-A9DB-DE5C5263515F}.Debug|x86.ActiveCfg = Debug|x86
		{476BDC7E-6825-43D6-A9DB-DE5C5263515F}.Debug|x86.Build.0 = Debug|x86
		{476BDC7E-6825-43D6-A9DB-DE5C5263515F}.Release|Any CPU.ActiveCfg = Release|Any CPU
		{476BDC7E-6825-43D6-A9DB-DE5C5263515F}.Release|Any CPU.Build.0 = Release|Any CPU
		{476BDC7E-6825-43D6-A9DB-DE5C5263515F}.Release|x86.ActiveCfg = Release|x86
		{476BDC7E-6825-43D6-A9DB-DE5C5263515F}.Release|x86.Build.0 = Release|x86
		{90968C56-07C1-4AB6-9C00-FDBB49031F25}.Debug|Any CPU.ActiveCfg = Debug|Any CPU
		{90968C56-07C1-4AB6-9C00-FDBB49031F25}.Debug|Any CPU.Build.0 = Debug|Any CPU
		{90968C56-07C1-4AB6-9C00-FDBB49031F25}.Debug|x86.ActiveCfg = Debug|x86
		{90968C56-07C1-4AB6-9C00-FDBB49031F25}.Debug|x86.Build.0 = Debug|x86
		{90968C56-07C1-4AB6-9C00-FDBB49031F25}.Release|Any CPU.ActiveCfg = Release|Any CPU
		{90968C56-07C1-4AB6-9C00-FDBB49031F25}.Release|Any CPU.Build.0 = Release|Any CPU
		{90968C56-07C1-4AB6-9C00-FDBB49031F25}.Release|x86.ActiveCfg = Release|x86
		{90968C56-07C1-4AB6-9C00-FDBB49031F25}.Release|x86.Build.0 = Release|x86
		{A155D12F-B9E0-425F-A840-959CB8ABE826}.Debug|Any CPU.ActiveCfg = Debug|Any CPU
		{A155D12F-B9E0-425F-A840-959CB8ABE826}.Debug|Any CPU.Build.0 = Debug|Any CPU
		{A155D12F-B9E0-425F-A840-959CB8ABE826}.Debug|x86.ActiveCfg = Debug|x86
		{A155D12F-B9E0-425F-A840-959CB8ABE826}.Debug|x86.Build.0 = Debug|x86
		{A155D12F-B9E0-425F-A840-959CB8ABE826}.Release|Any CPU.ActiveCfg = Release|Any CPU
		{A155D12F-B9E0-425F-A840-959CB8ABE826}.Release|Any CPU.Build.0 = Release|Any CPU
		{A155D12F-B9E0-425F-A840-959CB8ABE826}.Release|x86.ActiveCfg = Release|x86
		{A155D12F-B9E0-425F-A840-959CB8ABE826}.Release|x86.Build.0 = Release|x86
	EndGlobalSection
	GlobalSection(SolutionProperties) = preSolution
		HideSolutionNode = FALSE
	EndGlobalSection
EndGlobal
