
Microsoft Visual Studio Solution File, Format Version 11.00
# Visual Studio 2010
Project("{FAE04EC0-301F-11D3-BF4B-00C04F79EFBC}") = "ExcelToCsv", "ExcelToCsv.csproj", "{A54A7887-5627-40E5-AE53-FF2EE5334056}"
EndProject
Global
	GlobalSection(SolutionConfigurationPlatforms) = preSolution
		Debug|Any CPU = Debug|Any CPU
		Release|Any CPU = Release|Any CPU
	EndGlobalSection
	GlobalSection(ProjectConfigurationPlatforms) = postSolution
		{A54A7887-5627-40E5-AE53-FF2EE5334056}.Debug|Any CPU.ActiveCfg = Debug|Any CPU
		{A54A7887-5627-40E5-AE53-FF2EE5334056}.Debug|Any CPU.Build.0 = Debug|Any CPU
		{A54A7887-5627-40E5-AE53-FF2EE5334056}.Release|Any CPU.ActiveCfg = Release|Any CPU
		{A54A7887-5627-40E5-AE53-FF2EE5334056}.Release|Any CPU.Build.0 = Release|Any CPU
	EndGlobalSection
	GlobalSection(SolutionProperties) = preSolution
		HideSolutionNode = FALSE
	EndGlobalSection
EndGlobal
