
Microsoft Visual Studio Solution File, Format Version 12.00
# Visual Studio 14
VisualStudioVersion = 14.0.25420.1
MinimumVisualStudioVersion = 10.0.40219.1
Project("{FAE04EC0-301F-11D3-BF4B-00C04F79EFBC}") = "NLVFS", "NLVFS\NLVFS.csproj", "{5FB7DAC4-E257-4182-A5CF-2FDC7D8B5ED8}"
EndProject
Project("{FAE04EC0-301F-11D3-BF4B-00C04F79EFBC}") = "Packager", "Packager\Packager.csproj", "{F2767354-BD71-49C6-91D4-B2DF2D998AD9}"
EndProject
Project("{FAE04EC0-301F-11D3-BF4B-00C04F79EFBC}") = "VFSViewer", "VFSViewer\VFSViewer.csproj", "{6F03F491-BAEF-411B-BE4C-98C5FB56D3BC}"
EndProject
Global
	GlobalSection(SolutionConfigurationPlatforms) = preSolution
		Debug|Any CPU = Debug|Any CPU
		Debug|x86 = Debug|x86
		Release|Any CPU = Release|Any CPU
		Release|x86 = Release|x86
	EndGlobalSection
	GlobalSection(ProjectConfigurationPlatforms) = postSolution
		{5FB7DAC4-E257-4182-A5CF-2FDC7D8B5ED8}.Debug|Any CPU.ActiveCfg = Debug|Any CPU
		{5FB7DAC4-E257-4182-A5CF-2FDC7D8B5ED8}.Debug|Any CPU.Build.0 = Debug|Any CPU
		{5FB7DAC4-E257-4182-A5CF-2FDC7D8B5ED8}.Debug|x86.ActiveCfg = Debug|x86
		{5FB7DAC4-E257-4182-A5CF-2FDC7D8B5ED8}.Debug|x86.Build.0 = Debug|x86
		{5FB7DAC4-E257-4182-A5CF-2FDC7D8B5ED8}.Release|Any CPU.ActiveCfg = Release|Any CPU
		{5FB7DAC4-E257-4182-A5CF-2FDC7D8B5ED8}.Release|Any CPU.Build.0 = Release|Any CPU
		{5FB7DAC4-E257-4182-A5CF-2FDC7D8B5ED8}.Release|x86.ActiveCfg = Release|x86
		{5FB7DAC4-E257-4182-A5CF-2FDC7D8B5ED8}.Release|x86.Build.0 = Release|x86
		{F2767354-BD71-49C6-91D4-B2DF2D998AD9}.Debug|Any CPU.ActiveCfg = Debug|Any CPU
		{F2767354-BD71-49C6-91D4-B2DF2D998AD9}.Debug|Any CPU.Build.0 = Debug|Any CPU
		{F2767354-BD71-49C6-91D4-B2DF2D998AD9}.Debug|x86.ActiveCfg = Debug|x86
		{F2767354-BD71-49C6-91D4-B2DF2D998AD9}.Debug|x86.Build.0 = Debug|x86
		{F2767354-BD71-49C6-91D4-B2DF2D998AD9}.Release|Any CPU.ActiveCfg = Release|Any CPU
		{F2767354-BD71-49C6-91D4-B2DF2D998AD9}.Release|Any CPU.Build.0 = Release|Any CPU
		{F2767354-BD71-49C6-91D4-B2DF2D998AD9}.Release|x86.ActiveCfg = Release|x86
		{F2767354-BD71-49C6-91D4-B2DF2D998AD9}.Release|x86.Build.0 = Release|x86
		{6F03F491-BAEF-411B-BE4C-98C5FB56D3BC}.Debug|Any CPU.ActiveCfg = Debug|Any CPU
		{6F03F491-BAEF-411B-BE4C-98C5FB56D3BC}.Debug|Any CPU.Build.0 = Debug|Any CPU
		{6F03F491-BAEF-411B-BE4C-98C5FB56D3BC}.Debug|x86.ActiveCfg = Debug|x86
		{6F03F491-BAEF-411B-BE4C-98C5FB56D3BC}.Debug|x86.Build.0 = Debug|x86
		{6F03F491-BAEF-411B-BE4C-98C5FB56D3BC}.Release|Any CPU.ActiveCfg = Release|Any CPU
		{6F03F491-BAEF-411B-BE4C-98C5FB56D3BC}.Release|Any CPU.Build.0 = Release|Any CPU
		{6F03F491-BAEF-411B-BE4C-98C5FB56D3BC}.Release|x86.ActiveCfg = Release|x86
		{6F03F491-BAEF-411B-BE4C-98C5FB56D3BC}.Release|x86.Build.0 = Release|x86
	EndGlobalSection
	GlobalSection(SolutionProperties) = preSolution
		HideSolutionNode = FALSE
	EndGlobalSection
EndGlobal
